github.com/schollz/closestmatch v1.0.0 h1:Lp1xErBTptwH+nA8T6kntnroosYL2bsdnZKmqt2Gsug=
github.com/schollz/closestmatch v2.1.0+incompatible h1:Uel2GXEpJqOWBrlyI+oY9LTiyyjYS17cCYRqP13/SHk=
github.com/schollz/closestmatch v2.1.0+incompatible/go.mod h1:RtP1ddjLong6gTkbtmuhtR2uUrrJOpYzYRvbcPAid+g=
github.com/schollz/closestmatch v2.1.1-0.20190308193919-1fbe626be92e+incompatible h1:zv6sQKHSe/0AUoAC7uCHFuX1FLFhW90s64dv0kETcaw=
github.com/schollz/closestmatch v2.1.1-0.20190308193919-1fbe626be92e+incompatible/go.mod h1:RtP1ddjLong6gTkbtmuhtR2uUrrJOpYzYRvbcPAid+g=
